
Microsoft Visual Studio Solution File, Format Version 12.00
# Visual Studio Version 17
VisualStudioVersion = 17.9.34622.214
MinimumVisualStudioVersion = 10.0.40219.1
Project("{FAE04EC0-301F-11D3-BF4B-00C04F79EFBC}") = "PROG2370_FinalProject_EricaGoodman", "PROG2370_FinalProject_EricaGoodman.csproj", "{98BBF0CF-B362-4DAD-AFAA-943327D452C1}"
EndProject
Global
	GlobalSection(SolutionConfigurationPlatforms) = preSolution
		Debug|Any CPU = Debug|Any CPU
		Release|Any CPU = Release|Any CPU
	EndGlobalSection
	GlobalSection(ProjectConfigurationPlatforms) = postSolution
		{98BBF0CF-B362-4DAD-AFAA-943327D452C1}.Debug|Any CPU.ActiveCfg = Debug|Any CPU
		{98BBF0CF-B362-4DAD-AFAA-943327D452C1}.Debug|Any CPU.Build.0 = Debug|Any CPU
		{98BBF0CF-B362-4DAD-AFAA-943327D452C1}.Release|Any CPU.ActiveCfg = Release|Any CPU
		{98BBF0CF-B362-4DAD-AFAA-943327D452C1}.Release|Any CPU.Build.0 = Release|Any CPU
	EndGlobalSection
	GlobalSection(SolutionProperties) = preSolution
		HideSolutionNode = FALSE
	EndGlobalSection
	GlobalSection(ExtensibilityGlobals) = postSolution
		SolutionGuid = {CE8E9CEC-F973-4646-A4DC-2995610C6CCF}
	EndGlobalSection
EndGlobal
